
Microsoft Visual Studio Solution File, Format Version 12.00
# Visual Studio Version 17
VisualStudioVersion = 17.9.34902.65
MinimumVisualStudioVersion = 10.0.40219.1
Project("{9A19103F-16F7-4668-BE54-9A1E7A4F7556}") = "ArtistTrendAnalyzer", "ArtistTrendAnalyzer\ArtistTrendAnalyzer.csproj", "{69847015-6DAB-4DB8-9AFD-65F4C1DEEF14}"
EndProject
Project("{9A19103F-16F7-4668-BE54-9A1E7A4F7556}") = "ArtistTrendAnalyzer.Infrastructure", "ArtistTrendAnalyzer.Infrastructure\ArtistTrendAnalyzer.Infrastructure.csproj", "{5AB63223-7854-4D9F-A299-55AF934655DE}"
EndProject
Project("{9A19103F-16F7-4668-BE54-9A1E7A4F7556}") = "ArtistTrendAnalyzer.Domain", "ArtistTrendAnalyzer.Domain\ArtistTrendAnalyzer.Domain.csproj", "{64DB4BEE-C527-4004-9DD6-210EA7B29148}"
EndProject
Project("{9A19103F-16F7-4668-BE54-9A1E7A4F7556}") = "ArtistTrendAnalyzer.Tests", "ArtistTrendAnalyzer.Tests\ArtistTrendAnalyzer.Tests.csproj", "{872C3C2E-CD9C-4D36-A585-D9E42B314743}"
EndProject
Project("{FAE04EC0-301F-11D3-BF4B-00C04F79EFBC}") = "ArtistTrendAnalyzer.Application", "ArtistTrendAnalyzer.Application\ArtistTrendAnalyzer.Application.csproj", "{F1104E1B-2FF6-4A49-B677-CAD5F727EBF6}"
EndProject
Global
	GlobalSection(SolutionConfigurationPlatforms) = preSolution
		Debug|Any CPU = Debug|Any CPU
		Release|Any CPU = Release|Any CPU
	EndGlobalSection
	GlobalSection(ProjectConfigurationPlatforms) = postSolution
		{69847015-6DAB-4DB8-9AFD-65F4C1DEEF14}.Debug|Any CPU.ActiveCfg = Debug|Any CPU
		{69847015-6DAB-4DB8-9AFD-65F4C1DEEF14}.Debug|Any CPU.Build.0 = Debug|Any CPU
		{69847015-6DAB-4DB8-9AFD-65F4C1DEEF14}.Release|Any CPU.ActiveCfg = Release|Any CPU
		{69847015-6DAB-4DB8-9AFD-65F4C1DEEF14}.Release|Any CPU.Build.0 = Release|Any CPU
		{5AB63223-7854-4D9F-A299-55AF934655DE}.Debug|Any CPU.ActiveCfg = Debug|Any CPU
		{5AB63223-7854-4D9F-A299-55AF934655DE}.Debug|Any CPU.Build.0 = Debug|Any CPU
		{5AB63223-7854-4D9F-A299-55AF934655DE}.Release|Any CPU.ActiveCfg = Release|Any CPU
		{5AB63223-7854-4D9F-A299-55AF934655DE}.Release|Any CPU.Build.0 = Release|Any CPU
		{64DB4BEE-C527-4004-9DD6-210EA7B29148}.Debug|Any CPU.ActiveCfg = Debug|Any CPU
		{64DB4BEE-C527-4004-9DD6-210EA7B29148}.Debug|Any CPU.Build.0 = Debug|Any CPU
		{64DB4BEE-C527-4004-9DD6-210EA7B29148}.Release|Any CPU.ActiveCfg = Release|Any CPU
		{64DB4BEE-C527-4004-9DD6-210EA7B29148}.Release|Any CPU.Build.0 = Release|Any CPU
		{872C3C2E-CD9C-4D36-A585-D9E42B314743}.Debug|Any CPU.ActiveCfg = Debug|Any CPU
		{872C3C2E-CD9C-4D36-A585-D9E42B314743}.Debug|Any CPU.Build.0 = Debug|Any CPU
		{872C3C2E-CD9C-4D36-A585-D9E42B314743}.Release|Any CPU.ActiveCfg = Release|Any CPU
		{872C3C2E-CD9C-4D36-A585-D9E42B314743}.Release|Any CPU.Build.0 = Release|Any CPU
		{F1104E1B-2FF6-4A49-B677-CAD5F727EBF6}.Debug|Any CPU.ActiveCfg = Debug|Any CPU
		{F1104E1B-2FF6-4A49-B677-CAD5F727EBF6}.Debug|Any CPU.Build.0 = Debug|Any CPU
		{F1104E1B-2FF6-4A49-B677-CAD5F727EBF6}.Release|Any CPU.ActiveCfg = Release|Any CPU
		{F1104E1B-2FF6-4A49-B677-CAD5F727EBF6}.Release|Any CPU.Build.0 = Release|Any CPU
	EndGlobalSection
	GlobalSection(SolutionProperties) = preSolution
		HideSolutionNode = FALSE
	EndGlobalSection
	GlobalSection(ExtensibilityGlobals) = postSolution
		SolutionGuid = {5E81EC53-EF55-470A-8CDB-E48052A27CC8}
	EndGlobalSection
EndGlobal
